
Microsoft Visual Studio Solution File, Format Version 12.00
# Visual Studio Version 17
VisualStudioVersion = 17.1.32421.90
MinimumVisualStudioVersion = 10.0.40219.1
Project("{FAE04EC0-301F-11D3-BF4B-00C04F79EFBC}") = "JWT_Identity_Core6", "JWT_Identity_Core6\JWT_Identity_Core6.csproj", "{A46E5156-D3F5-4F30-8DF3-DF4DF633E2DC}"
EndProject
Project("{2150E333-8FDC-42A3-9474-1A3956D46DE8}") = "DataLayer", "DataLayer", "{00CD5877-84D4-45BB-9265-22CDE40F8C0C}"
EndProject
Project("{FAE04EC0-301F-11D3-BF4B-00C04F79EFBC}") = "Data.User", "Data.User\Data.User.csproj", "{0F6F1ADB-5C04-473F-91E9-17BBFDEBAEA4}"
EndProject
Project("{FAE04EC0-301F-11D3-BF4B-00C04F79EFBC}") = "Data.BaseEntity", "Data.BaseEntity\Data.BaseEntity.csproj", "{0AB6D753-3E34-4659-9672-1BA5A6C62B16}"
EndProject
Project("{2150E333-8FDC-42A3-9474-1A3956D46DE8}") = "InfrastructureLayer", "InfrastructureLayer", "{14A23A18-B988-425E-9AA9-4B24E2276213}"
EndProject
Project("{FAE04EC0-301F-11D3-BF4B-00C04F79EFBC}") = "AppDbContext", "AppDbContext\AppDbContext.csproj", "{36FD0F58-C47D-4B3D-B0C0-F24599799192}"
EndProject
Global
	GlobalSection(SolutionConfigurationPlatforms) = preSolution
		Debug|Any CPU = Debug|Any CPU
		Release|Any CPU = Release|Any CPU
	EndGlobalSection
	GlobalSection(ProjectConfigurationPlatforms) = postSolution
		{A46E5156-D3F5-4F30-8DF3-DF4DF633E2DC}.Debug|Any CPU.ActiveCfg = Debug|Any CPU
		{A46E5156-D3F5-4F30-8DF3-DF4DF633E2DC}.Debug|Any CPU.Build.0 = Debug|Any CPU
		{A46E5156-D3F5-4F30-8DF3-DF4DF633E2DC}.Release|Any CPU.ActiveCfg = Release|Any CPU
		{A46E5156-D3F5-4F30-8DF3-DF4DF633E2DC}.Release|Any CPU.Build.0 = Release|Any CPU
		{0F6F1ADB-5C04-473F-91E9-17BBFDEBAEA4}.Debug|Any CPU.ActiveCfg = Debug|Any CPU
		{0F6F1ADB-5C04-473F-91E9-17BBFDEBAEA4}.Debug|Any CPU.Build.0 = Debug|Any CPU
		{0F6F1ADB-5C04-473F-91E9-17BBFDEBAEA4}.Release|Any CPU.ActiveCfg = Release|Any CPU
		{0F6F1ADB-5C04-473F-91E9-17BBFDEBAEA4}.Release|Any CPU.Build.0 = Release|Any CPU
		{0AB6D753-3E34-4659-9672-1BA5A6C62B16}.Debug|Any CPU.ActiveCfg = Debug|Any CPU
		{0AB6D753-3E34-4659-9672-1BA5A6C62B16}.Debug|Any CPU.Build.0 = Debug|Any CPU
		{0AB6D753-3E34-4659-9672-1BA5A6C62B16}.Release|Any CPU.ActiveCfg = Release|Any CPU
		{0AB6D753-3E34-4659-9672-1BA5A6C62B16}.Release|Any CPU.Build.0 = Release|Any CPU
		{36FD0F58-C47D-4B3D-B0C0-F24599799192}.Debug|Any CPU.ActiveCfg = Debug|Any CPU
		{36FD0F58-C47D-4B3D-B0C0-F24599799192}.Debug|Any CPU.Build.0 = Debug|Any CPU
		{36FD0F58-C47D-4B3D-B0C0-F24599799192}.Release|Any CPU.ActiveCfg = Release|Any CPU
		{36FD0F58-C47D-4B3D-B0C0-F24599799192}.Release|Any CPU.Build.0 = Release|Any CPU
	EndGlobalSection
	GlobalSection(SolutionProperties) = preSolution
		HideSolutionNode = FALSE
	EndGlobalSection
	GlobalSection(NestedProjects) = preSolution
		{0F6F1ADB-5C04-473F-91E9-17BBFDEBAEA4} = {00CD5877-84D4-45BB-9265-22CDE40F8C0C}
		{0AB6D753-3E34-4659-9672-1BA5A6C62B16} = {00CD5877-84D4-45BB-9265-22CDE40F8C0C}
		{36FD0F58-C47D-4B3D-B0C0-F24599799192} = {14A23A18-B988-425E-9AA9-4B24E2276213}
	EndGlobalSection
	GlobalSection(ExtensibilityGlobals) = postSolution
		SolutionGuid = {53686D25-3F2C-48C9-B9A1-43737C75FCF7}
	EndGlobalSection
EndGlobal
